
Microsoft Visual Studio Solution File, Format Version 12.00
# Visual Studio Version 17
VisualStudioVersion = 17.10.35013.160
MinimumVisualStudioVersion = 10.0.40219.1
Project("{FAE04EC0-301F-11D3-BF4B-00C04F79EFBC}") = "ControleGastos.Api", "ControleGastos.Api\ControleGastos.Api.csproj", "{D276AE7E-AA63-4FE2-B16B-9D499742079A}"
EndProject
Global
	GlobalSection(SolutionConfigurationPlatforms) = preSolution
		Debug|Any CPU = Debug|Any CPU
		Release|Any CPU = Release|Any CPU
	EndGlobalSection
	GlobalSection(ProjectConfigurationPlatforms) = postSolution
		{D276AE7E-AA63-4FE2-B16B-9D499742079A}.Debug|Any CPU.ActiveCfg = Debug|Any CPU
		{D276AE7E-AA63-4FE2-B16B-9D499742079A}.Debug|Any CPU.Build.0 = Debug|Any CPU
		{D276AE7E-AA63-4FE2-B16B-9D499742079A}.Release|Any CPU.ActiveCfg = Release|Any CPU
		{D276AE7E-AA63-4FE2-B16B-9D499742079A}.Release|Any CPU.Build.0 = Release|Any CPU
	EndGlobalSection
	GlobalSection(SolutionProperties) = preSolution
		HideSolutionNode = FALSE
	EndGlobalSection
	GlobalSection(ExtensibilityGlobals) = postSolution
		SolutionGuid = {D039F163-AF52-4A46-8709-36D1F4C7F185}
	EndGlobalSection
EndGlobal
